
Microsoft Visual Studio Solution File, Format Version 12.00
# Visual Studio Version 16
VisualStudioVersion = 16.0.31112.23
MinimumVisualStudioVersion = 10.0.40219.1
Project("{FAE04EC0-301F-11D3-BF4B-00C04F79EFBC}") = "Question3", "Question3\Question3.csproj", "{A70004F4-F2C2-4F4B-914F-0E81DF6ED4DC}"
EndProject
Global
	GlobalSection(SolutionConfigurationPlatforms) = preSolution
		Debug|Any CPU = Debug|Any CPU
		Release|Any CPU = Release|Any CPU
	EndGlobalSection
	GlobalSection(ProjectConfigurationPlatforms) = postSolution
		{A70004F4-F2C2-4F4B-914F-0E81DF6ED4DC}.Debug|Any CPU.ActiveCfg = Debug|Any CPU
		{A70004F4-F2C2-4F4B-914F-0E81DF6ED4DC}.Debug|Any CPU.Build.0 = Debug|Any CPU
		{A70004F4-F2C2-4F4B-914F-0E81DF6ED4DC}.Release|Any CPU.ActiveCfg = Release|Any CPU
		{A70004F4-F2C2-4F4B-914F-0E81DF6ED4DC}.Release|Any CPU.Build.0 = Release|Any CPU
	EndGlobalSection
	GlobalSection(SolutionProperties) = preSolution
		HideSolutionNode = FALSE
	EndGlobalSection
	GlobalSection(ExtensibilityGlobals) = postSolution
		SolutionGuid = {38D0703F-26D4-4C16-8049-8FDD9787C4B1}
	EndGlobalSection
EndGlobal
